
Microsoft Visual Studio Solution File, Format Version 12.00
# Visual Studio Version 17
VisualStudioVersion = 17.5.002.0
MinimumVisualStudioVersion = 10.0.40219.1
Project("{9A19103F-16F7-4668-BE54-9A1E7A4F7556}") = "MealClient.app", "MealClient.app.csproj", "{DAACE42D-D061-439A-8D5B-0A09A956EDAF}"
EndProject
Global
	GlobalSection(SolutionConfigurationPlatforms) = preSolution
		Debug|Any CPU = Debug|Any CPU
		Release|Any CPU = Release|Any CPU
	EndGlobalSection
	GlobalSection(ProjectConfigurationPlatforms) = postSolution
		{DAACE42D-D061-439A-8D5B-0A09A956EDAF}.Debug|Any CPU.ActiveCfg = Debug|Any CPU
		{DAACE42D-D061-439A-8D5B-0A09A956EDAF}.Debug|Any CPU.Build.0 = Debug|Any CPU
		{DAACE42D-D061-439A-8D5B-0A09A956EDAF}.Release|Any CPU.ActiveCfg = Release|Any CPU
		{DAACE42D-D061-439A-8D5B-0A09A956EDAF}.Release|Any CPU.Build.0 = Release|Any CPU
	EndGlobalSection
	GlobalSection(SolutionProperties) = preSolution
		HideSolutionNode = FALSE
	EndGlobalSection
	GlobalSection(ExtensibilityGlobals) = postSolution
		SolutionGuid = {F3AF1A4F-4187-4A3D-9EF5-F82E3326C79E}
	EndGlobalSection
EndGlobal
